
Microsoft Visual Studio Solution File, Format Version 12.00
# Visual Studio 15
VisualStudioVersion = 15.0.28307.489
MinimumVisualStudioVersion = 10.0.40219.1
Project("{FAE04EC0-301F-11D3-BF4B-00C04F79EFBC}") = "MvcSampleDocker", "MvcSampleDocker\MvcSampleDocker.csproj", "{6EADFF55-58F8-452A-A288-4C64CCF130B4}"
EndProject
Project("{2150E333-8FDC-42A3-9474-1A3956D46DE8}") = "docker", "docker", "{AED709BC-8D10-4C82-B599-20E4510F7BC3}"
	ProjectSection(SolutionItems) = preProject
		build-docker-image.bat = build-docker-image.bat
		Dockerfile = Dockerfile
	EndProjectSection
EndProject
Global
	GlobalSection(SolutionConfigurationPlatforms) = preSolution
		Debug|Any CPU = Debug|Any CPU
		Release|Any CPU = Release|Any CPU
	EndGlobalSection
	GlobalSection(ProjectConfigurationPlatforms) = postSolution
		{6EADFF55-58F8-452A-A288-4C64CCF130B4}.Debug|Any CPU.ActiveCfg = Debug|Any CPU
		{6EADFF55-58F8-452A-A288-4C64CCF130B4}.Debug|Any CPU.Build.0 = Debug|Any CPU
		{6EADFF55-58F8-452A-A288-4C64CCF130B4}.Release|Any CPU.ActiveCfg = Release|Any CPU
		{6EADFF55-58F8-452A-A288-4C64CCF130B4}.Release|Any CPU.Build.0 = Release|Any CPU
	EndGlobalSection
	GlobalSection(SolutionProperties) = preSolution
		HideSolutionNode = FALSE
	EndGlobalSection
	GlobalSection(ExtensibilityGlobals) = postSolution
		SolutionGuid = {8778B2F7-B3CC-4AEC-90A5-4C51CFB429D2}
	EndGlobalSection
EndGlobal
